
Microsoft Visual Studio Solution File, Format Version 12.00
# Visual Studio 15
VisualStudioVersion = 15.0.28307.572
MinimumVisualStudioVersion = 10.0.40219.1
Project("{FAE04EC0-301F-11D3-BF4B-00C04F79EFBC}") = "MusicSystem.Console", "MusicSystem.Console\MusicSystem.Console.csproj", "{D23B831A-7359-40C9-B844-CDF1808F1004}"
EndProject
Project("{FAE04EC0-301F-11D3-BF4B-00C04F79EFBC}") = "MusicSystem.Models", "MusicSystem.Models\MusicSystem.Models.csproj", "{D0CD1B8A-BCEC-4CFD-8CCA-A577152C05F2}"
EndProject
Project("{FAE04EC0-301F-11D3-BF4B-00C04F79EFBC}") = "MusicSystem.DataAccess", "MusicSystem.DataAccess\MusicSystem.DataAccess.csproj", "{F50D7D7B-F50C-4AC9-B2D9-95A660950D98}"
EndProject
Global
	GlobalSection(SolutionConfigurationPlatforms) = preSolution
		Debug|Any CPU = Debug|Any CPU
		Release|Any CPU = Release|Any CPU
	EndGlobalSection
	GlobalSection(ProjectConfigurationPlatforms) = postSolution
		{D23B831A-7359-40C9-B844-CDF1808F1004}.Debug|Any CPU.ActiveCfg = Debug|Any CPU
		{D23B831A-7359-40C9-B844-CDF1808F1004}.Debug|Any CPU.Build.0 = Debug|Any CPU
		{D23B831A-7359-40C9-B844-CDF1808F1004}.Release|Any CPU.ActiveCfg = Release|Any CPU
		{D23B831A-7359-40C9-B844-CDF1808F1004}.Release|Any CPU.Build.0 = Release|Any CPU
		{D0CD1B8A-BCEC-4CFD-8CCA-A577152C05F2}.Debug|Any CPU.ActiveCfg = Debug|Any CPU
		{D0CD1B8A-BCEC-4CFD-8CCA-A577152C05F2}.Debug|Any CPU.Build.0 = Debug|Any CPU
		{D0CD1B8A-BCEC-4CFD-8CCA-A577152C05F2}.Release|Any CPU.ActiveCfg = Release|Any CPU
		{D0CD1B8A-BCEC-4CFD-8CCA-A577152C05F2}.Release|Any CPU.Build.0 = Release|Any CPU
		{F50D7D7B-F50C-4AC9-B2D9-95A660950D98}.Debug|Any CPU.ActiveCfg = Debug|Any CPU
		{F50D7D7B-F50C-4AC9-B2D9-95A660950D98}.Debug|Any CPU.Build.0 = Debug|Any CPU
		{F50D7D7B-F50C-4AC9-B2D9-95A660950D98}.Release|Any CPU.ActiveCfg = Release|Any CPU
		{F50D7D7B-F50C-4AC9-B2D9-95A660950D98}.Release|Any CPU.Build.0 = Release|Any CPU
	EndGlobalSection
	GlobalSection(SolutionProperties) = preSolution
		HideSolutionNode = FALSE
	EndGlobalSection
	GlobalSection(ExtensibilityGlobals) = postSolution
		SolutionGuid = {CE7ED18C-44CF-47AF-B8AD-DF0BE7736CD1}
	EndGlobalSection
EndGlobal
